
Microsoft Visual Studio Solution File, Format Version 12.00
# Visual Studio Version 16
VisualStudioVersion = 16.0.29519.87
MinimumVisualStudioVersion = 10.0.40219.1
Project("{FAE04EC0-301F-11D3-BF4B-00C04F79EFBC}") = "GetDeviceInfo", "GetDeviceInfo\GetDeviceInfo.csproj", "{C9A9E8EC-F9FC-4F1C-8037-8AF8FEFABDE1}"
EndProject
Global
	GlobalSection(SolutionConfigurationPlatforms) = preSolution
		Debug|Any CPU = Debug|Any CPU
		Release|Any CPU = Release|Any CPU
	EndGlobalSection
	GlobalSection(ProjectConfigurationPlatforms) = postSolution
		{C9A9E8EC-F9FC-4F1C-8037-8AF8FEFABDE1}.Debug|Any CPU.ActiveCfg = Debug|Any CPU
		{C9A9E8EC-F9FC-4F1C-8037-8AF8FEFABDE1}.Debug|Any CPU.Build.0 = Debug|Any CPU
		{C9A9E8EC-F9FC-4F1C-8037-8AF8FEFABDE1}.Release|Any CPU.ActiveCfg = Release|Any CPU
		{C9A9E8EC-F9FC-4F1C-8037-8AF8FEFABDE1}.Release|Any CPU.Build.0 = Release|Any CPU
	EndGlobalSection
	GlobalSection(SolutionProperties) = preSolution
		HideSolutionNode = FALSE
	EndGlobalSection
	GlobalSection(ExtensibilityGlobals) = postSolution
		SolutionGuid = {4A53D91D-C279-4D11-8907-45134274002F}
	EndGlobalSection
EndGlobal
